
Microsoft Visual Studio Solution File, Format Version 12.00
# Visual Studio Version 17
VisualStudioVersion = 17.0.31919.166
MinimumVisualStudioVersion = 10.0.40219.1
Project("{FAE04EC0-301F-11D3-BF4B-00C04F79EFBC}") = "AuthMe", "src\AuthMe\AuthMe.csproj", "{46DDCC84-C89E-4BD1-AD23-7F4396E68115}"
EndProject
Project("{FAE04EC0-301F-11D3-BF4B-00C04F79EFBC}") = "AuthMeTest", "src\AuthMeTest\AuthMeTest.csproj", "{FE0DA90E-37F1-4338-AF39-9B6ACCD8DAAA}"
EndProject
Global
	GlobalSection(SolutionConfigurationPlatforms) = preSolution
		Debug|Any CPU = Debug|Any CPU
		Release|Any CPU = Release|Any CPU
	EndGlobalSection
	GlobalSection(ProjectConfigurationPlatforms) = postSolution
		{46DDCC84-C89E-4BD1-AD23-7F4396E68115}.Debug|Any CPU.ActiveCfg = Debug|Any CPU
		{46DDCC84-C89E-4BD1-AD23-7F4396E68115}.Debug|Any CPU.Build.0 = Debug|Any CPU
		{46DDCC84-C89E-4BD1-AD23-7F4396E68115}.Release|Any CPU.ActiveCfg = Release|Any CPU
		{46DDCC84-C89E-4BD1-AD23-7F4396E68115}.Release|Any CPU.Build.0 = Release|Any CPU
		{FE0DA90E-37F1-4338-AF39-9B6ACCD8DAAA}.Debug|Any CPU.ActiveCfg = Debug|Any CPU
		{FE0DA90E-37F1-4338-AF39-9B6ACCD8DAAA}.Debug|Any CPU.Build.0 = Debug|Any CPU
		{FE0DA90E-37F1-4338-AF39-9B6ACCD8DAAA}.Release|Any CPU.ActiveCfg = Release|Any CPU
		{FE0DA90E-37F1-4338-AF39-9B6ACCD8DAAA}.Release|Any CPU.Build.0 = Release|Any CPU
	EndGlobalSection
	GlobalSection(SolutionProperties) = preSolution
		HideSolutionNode = FALSE
	EndGlobalSection
	GlobalSection(ExtensibilityGlobals) = postSolution
		SolutionGuid = {C80A5A32-F5E2-4CEA-94C2-117C52537FA5}
	EndGlobalSection
EndGlobal
